// !$*UTF8*$!
{
	archiveVersion = 1;
	classes = {
	};
	objectVersion = 50;
	objects = {

/* Begin PBXBuildFile section */
		072B5A1A22941CDF00AA51EC /* beep.wav in Resources */ = {isa = PBXBuildFile; fileRef = 072B5A1922941CDE00AA51EC /* beep.wav */; };
		072B5A1C2294244900AA51EC /* backgroundMusic.wav in Resources */ = {isa = PBXBuildFile; fileRef = 072B5A1B2294244900AA51EC /* backgroundMusic.wav */; };
		072B5A1E229429F600AA51EC /* playingMusic.wav in Resources */ = {isa = PBXBuildFile; fileRef = 072B5A1D229429F600AA51EC /* playingMusic.wav */; };
		072B5A2022942C8F00AA51EC /* failure.wav in Resources */ = {isa = PBXBuildFile; fileRef = 072B5A1F22942C8F00AA51EC /* failure.wav */; };
		072B5A22229466E700AA51EC /* impact.mp3 in Resources */ = {isa = PBXBuildFile; fileRef = 072B5A21229466E700AA51EC /* impact.mp3 */; };
		072B5A242294682200AA51EC /* gameOver.wav in Resources */ = {isa = PBXBuildFile; fileRef = 072B5A232294682200AA51EC /* gameOver.wav */; };
		072B5A262294697B00AA51EC /* flap.wav in Resources */ = {isa = PBXBuildFile; fileRef = 072B5A252294697B00AA51EC /* flap.wav */; };
		074C42CA2293285B00B3B087 /* AppDelegate.swift in Sources */ = {isa = PBXBuildFile; fileRef = 074C42C92293285B00B3B087 /* AppDelegate.swift */; };
		074C42CC2293285B00B3B087 /* GameScene.sks in Resources */ = {isa = PBXBuildFile; fileRef = 074C42CB2293285B00B3B087 /* GameScene.sks */; };
		074C42CE2293285B00B3B087 /* Actions.sks in Resources */ = {isa = PBXBuildFile; fileRef = 074C42CD2293285B00B3B087 /* Actions.sks */; };
		074C42D02293285B00B3B087 /* GameScene.swift in Sources */ = {isa = PBXBuildFile; fileRef = 074C42CF2293285B00B3B087 /* GameScene.swift */; };
		074C42D22293285B00B3B087 /* GameViewController.swift in Sources */ = {isa = PBXBuildFile; fileRef = 074C42D12293285B00B3B087 /* GameViewController.swift */; };
		074C42D52293285B00B3B087 /* Main.storyboard in Resources */ = {isa = PBXBuildFile; fileRef = 074C42D32293285B00B3B087 /* Main.storyboard */; };
		074C42D72293285E00B3B087 /* Assets.xcassets in Resources */ = {isa = PBXBuildFile; fileRef = 074C42D62293285E00B3B087 /* Assets.xcassets */; };
		074C42DA2293285E00B3B087 /* LaunchScreen.storyboard in Resources */ = {isa = PBXBuildFile; fileRef = 074C42D82293285E00B3B087 /* LaunchScreen.storyboard */; };
		074C42E52293285E00B3B087 /* FlapElonTests.swift in Sources */ = {isa = PBXBuildFile; fileRef = 074C42E42293285E00B3B087 /* FlapElonTests.swift */; };
		074C42F02293285E00B3B087 /* FlapElonUITests.swift in Sources */ = {isa = PBXBuildFile; fileRef = 074C42EF2293285E00B3B087 /* FlapElonUITests.swift */; };
		074C4305229354D800B3B087 /* PlayingState.swift in Sources */ = {isa = PBXBuildFile; fileRef = 074C4304229354D800B3B087 /* PlayingState.swift */; };
		074C43072293550600B3B087 /* FallingState.swift in Sources */ = {isa = PBXBuildFile; fileRef = 074C43062293550600B3B087 /* FallingState.swift */; };
		074C43092293550D00B3B087 /* GameOverState.swift in Sources */ = {isa = PBXBuildFile; fileRef = 074C43082293550D00B3B087 /* GameOverState.swift */; };
		074C430B2293551300B3B087 /* MainMenuState.swift in Sources */ = {isa = PBXBuildFile; fileRef = 074C430A2293551300B3B087 /* MainMenuState.swift */; };
		074C430D2293551800B3B087 /* TutorialState.swift in Sources */ = {isa = PBXBuildFile; fileRef = 074C430C2293551800B3B087 /* TutorialState.swift */; };
		074C43102293558200B3B087 /* SpriteComponent.swift in Sources */ = {isa = PBXBuildFile; fileRef = 074C430F2293558200B3B087 /* SpriteComponent.swift */; };
		074C43122293558800B3B087 /* MovementComponent.swift in Sources */ = {isa = PBXBuildFile; fileRef = 074C43112293558800B3B087 /* MovementComponent.swift */; };
		074C43142293558D00B3B087 /* AnimationComponent.swift in Sources */ = {isa = PBXBuildFile; fileRef = 074C43132293558D00B3B087 /* AnimationComponent.swift */; };
		074C4318229355D100B3B087 /* PlayerEntity.swift in Sources */ = {isa = PBXBuildFile; fileRef = 074C4317229355D100B3B087 /* PlayerEntity.swift */; };
		074C431A229355D700B3B087 /* ObstacleEntity.swift in Sources */ = {isa = PBXBuildFile; fileRef = 074C4319229355D700B3B087 /* ObstacleEntity.swift */; };
		074C43222293565A00B3B087 /* sprites.atlas in Resources */ = {isa = PBXBuildFile; fileRef = 074C43212293565A00B3B087 /* sprites.atlas */; };
		074C432F2293567100B3B087 /* CGPoint+Extensions.swift in Sources */ = {isa = PBXBuildFile; fileRef = 074C43232293566F00B3B087 /* CGPoint+Extensions.swift */; };
		074C43302293567100B3B087 /* SKAction+Extensions.swift in Sources */ = {isa = PBXBuildFile; fileRef = 074C43242293566F00B3B087 /* SKAction+Extensions.swift */; };
		074C43312293567100B3B087 /* SKTAudio.swift in Sources */ = {isa = PBXBuildFile; fileRef = 074C43252293567000B3B087 /* SKTAudio.swift */; };
		074C43322293567100B3B087 /* SKNode+Extensions.swift in Sources */ = {isa = PBXBuildFile; fileRef = 074C43262293567000B3B087 /* SKNode+Extensions.swift */; };
		074C43332293567100B3B087 /* SKTEffects.swift in Sources */ = {isa = PBXBuildFile; fileRef = 074C43272293567000B3B087 /* SKTEffects.swift */; };
		074C43342293567100B3B087 /* Vector3.swift in Sources */ = {isa = PBXBuildFile; fileRef = 074C43282293567000B3B087 /* Vector3.swift */; };
		074C43352293567100B3B087 /* SKColor+Extensions.swift in Sources */ = {isa = PBXBuildFile; fileRef = 074C43292293567000B3B087 /* SKColor+Extensions.swift */; };
		074C43362293567100B3B087 /* SKAction+SpecialEffects.swift in Sources */ = {isa = PBXBuildFile; fileRef = 074C432A2293567000B3B087 /* SKAction+SpecialEffects.swift */; };
		074C43372293567100B3B087 /* CGVector+Extensions.swift in Sources */ = {isa = PBXBuildFile; fileRef = 074C432B2293567000B3B087 /* CGVector+Extensions.swift */; };
		074C43382293567100B3B087 /* Int+Extensions.swift in Sources */ = {isa = PBXBuildFile; fileRef = 074C432C2293567000B3B087 /* Int+Extensions.swift */; };
		074C43392293567100B3B087 /* SKTTimingFunctions.swift in Sources */ = {isa = PBXBuildFile; fileRef = 074C432D2293567000B3B087 /* SKTTimingFunctions.swift */; };
		074C433A2293567100B3B087 /* CGFloat+Extensions.swift in Sources */ = {isa = PBXBuildFile; fileRef = 074C432E2293567100B3B087 /* CGFloat+Extensions.swift */; };
		074C43422293568100B3B087 /* pop.wav in Resources */ = {isa = PBXBuildFile; fileRef = 074C433B2293568100B3B087 /* pop.wav */; };
		074C43442293568100B3B087 /* ding.wav in Resources */ = {isa = PBXBuildFile; fileRef = 074C433D2293568100B3B087 /* ding.wav */; };
		074C43472293568100B3B087 /* whack.wav in Resources */ = {isa = PBXBuildFile; fileRef = 074C43402293568100B3B087 /* whack.wav */; };
/* End PBXBuildFile section */

/* Begin PBXContainerItemProxy section */
		074C42E12293285E00B3B087 /* PBXContainerItemProxy */ = {
			isa = PBXContainerItemProxy;
			containerPortal = 074C42BE2293285B00B3B087 /* Project object */;
			proxyType = 1;
			remoteGlobalIDString = 074C42C52293285B00B3B087;
			remoteInfo = FlapElon;
		};
		074C42EC2293285E00B3B087 /* PBXContainerItemProxy */ = {
			isa = PBXContainerItemProxy;
			containerPortal = 074C42BE2293285B00B3B087 /* Project object */;
			proxyType = 1;
			remoteGlobalIDString = 074C42C52293285B00B3B087;
			remoteInfo = FlapElon;
		};
/* End PBXContainerItemProxy section */

/* Begin PBXFileReference section */
		072B5A1922941CDE00AA51EC /* beep.wav */ = {isa = PBXFileReference; lastKnownFileType = audio.wav; path = beep.wav; sourceTree = "<group>"; };
		072B5A1B2294244900AA51EC /* backgroundMusic.wav */ = {isa = PBXFileReference; lastKnownFileType = audio.wav; path = backgroundMusic.wav; sourceTree = "<group>"; };
		072B5A1D229429F600AA51EC /* playingMusic.wav */ = {isa = PBXFileReference; lastKnownFileType = audio.wav; path = playingMusic.wav; sourceTree = "<group>"; };
		072B5A1F22942C8F00AA51EC /* failure.wav */ = {isa = PBXFileReference; lastKnownFileType = audio.wav; path = failure.wav; sourceTree = "<group>"; };
		072B5A21229466E700AA51EC /* impact.mp3 */ = {isa = PBXFileReference; lastKnownFileType = audio.mp3; path = impact.mp3; sourceTree = "<group>"; };
		072B5A232294682200AA51EC /* gameOver.wav */ = {isa = PBXFileReference; lastKnownFileType = audio.wav; path = gameOver.wav; sourceTree = "<group>"; };
		072B5A252294697B00AA51EC /* flap.wav */ = {isa = PBXFileReference; lastKnownFileType = audio.wav; path = flap.wav; sourceTree = "<group>"; };
		074C42C62293285B00B3B087 /* FlapElon.app */ = {isa = PBXFileReference; explicitFileType = wrapper.application; includeInIndex = 0; path = FlapElon.app; sourceTree = BUILT_PRODUCTS_DIR; };
		074C42C92293285B00B3B087 /* AppDelegate.swift */ = {isa = PBXFileReference; lastKnownFileType = sourcecode.swift; path = AppDelegate.swift; sourceTree = "<group>"; };
		074C42CB2293285B00B3B087 /* GameScene.sks */ = {isa = PBXFileReference; lastKnownFileType = file.sks; path = GameScene.sks; sourceTree = "<group>"; };
		074C42CD2293285B00B3B087 /* Actions.sks */ = {isa = PBXFileReference; lastKnownFileType = file.sks; path = Actions.sks; sourceTree = "<group>"; };
		074C42CF2293285B00B3B087 /* GameScene.swift */ = {isa = PBXFileReference; lastKnownFileType = sourcecode.swift; path = GameScene.swift; sourceTree = "<group>"; };
		074C42D12293285B00B3B087 /* GameViewController.swift */ = {isa = PBXFileReference; lastKnownFileType = sourcecode.swift; path = GameViewController.swift; sourceTree = "<group>"; };
		074C42D42293285B00B3B087 /* Base */ = {isa = PBXFileReference; lastKnownFileType = file.storyboard; name = Base; path = Base.lproj/Main.storyboard; sourceTree = "<group>"; };
		074C42D62293285E00B3B087 /* Assets.xcassets */ = {isa = PBXFileReference; lastKnownFileType = folder.assetcatalog; path = Assets.xcassets; sourceTree = "<group>"; };
		074C42D92293285E00B3B087 /* Base */ = {isa = PBXFileReference; lastKnownFileType = file.storyboard; name = Base; path = Base.lproj/LaunchScreen.storyboard; sourceTree = "<group>"; };
		074C42DB2293285E00B3B087 /* Info.plist */ = {isa = PBXFileReference; lastKnownFileType = text.plist.xml; path = Info.plist; sourceTree = "<group>"; };
		074C42E02293285E00B3B087 /* FlapElonTests.xctest */ = {isa = PBXFileReference; explicitFileType = wrapper.cfbundle; includeInIndex = 0; path = FlapElonTests.xctest; sourceTree = BUILT_PRODUCTS_DIR; };
		074C42E42293285E00B3B087 /* FlapElonTests.swift */ = {isa = PBXFileReference; lastKnownFileType = sourcecode.swift; path = FlapElonTests.swift; sourceTree = "<group>"; };
		074C42E62293285E00B3B087 /* Info.plist */ = {isa = PBXFileReference; lastKnownFileType = text.plist.xml; path = Info.plist; sourceTree = "<group>"; };
		074C42EB2293285E00B3B087 /* FlapElonUITests.xctest */ = {isa = PBXFileReference; explicitFileType = wrapper.cfbundle; includeInIndex = 0; path = FlapElonUITests.xctest; sourceTree = BUILT_PRODUCTS_DIR; };
		074C42EF2293285E00B3B087 /* FlapElonUITests.swift */ = {isa = PBXFileReference; lastKnownFileType = sourcecode.swift; path = FlapElonUITests.swift; sourceTree = "<group>"; };
		074C42F12293285E00B3B087 /* Info.plist */ = {isa = PBXFileReference; lastKnownFileType = text.plist.xml; path = Info.plist; sourceTree = "<group>"; };
		074C4304229354D800B3B087 /* PlayingState.swift */ = {isa = PBXFileReference; fileEncoding = 4; lastKnownFileType = sourcecode.swift; path = PlayingState.swift; sourceTree = "<group>"; };
		074C43062293550600B3B087 /* FallingState.swift */ = {isa = PBXFileReference; fileEncoding = 4; lastKnownFileType = sourcecode.swift; path = FallingState.swift; sourceTree = "<group>"; };
		074C43082293550D00B3B087 /* GameOverState.swift */ = {isa = PBXFileReference; fileEncoding = 4; lastKnownFileType = sourcecode.swift; path = GameOverState.swift; sourceTree = "<group>"; };
		074C430A2293551300B3B087 /* MainMenuState.swift */ = {isa = PBXFileReference; fileEncoding = 4; lastKnownFileType = sourcecode.swift; path = MainMenuState.swift; sourceTree = "<group>"; };
		074C430C2293551800B3B087 /* TutorialState.swift */ = {isa = PBXFileReference; fileEncoding = 4; lastKnownFileType = sourcecode.swift; path = TutorialState.swift; sourceTree = "<group>"; };
		074C430F2293558200B3B087 /* SpriteComponent.swift */ = {isa = PBXFileReference; fileEncoding = 4; lastKnownFileType = sourcecode.swift; path = SpriteComponent.swift; sourceTree = "<group>"; };
		074C43112293558800B3B087 /* MovementComponent.swift */ = {isa = PBXFileReference; fileEncoding = 4; lastKnownFileType = sourcecode.swift; path = MovementComponent.swift; sourceTree = "<group>"; };
		074C43132293558D00B3B087 /* AnimationComponent.swift */ = {isa = PBXFileReference; fileEncoding = 4; lastKnownFileType = sourcecode.swift; path = AnimationComponent.swift; sourceTree = "<group>"; };
		074C4317229355D100B3B087 /* PlayerEntity.swift */ = {isa = PBXFileReference; fileEncoding = 4; lastKnownFileType = sourcecode.swift; path = PlayerEntity.swift; sourceTree = "<group>"; };
		074C4319229355D700B3B087 /* ObstacleEntity.swift */ = {isa = PBXFileReference; fileEncoding = 4; lastKnownFileType = sourcecode.swift; path = ObstacleEntity.swift; sourceTree = "<group>"; };
		074C43212293565A00B3B087 /* sprites.atlas */ = {isa = PBXFileReference; lastKnownFileType = folder.skatlas; path = sprites.atlas; sourceTree = "<group>"; };
		074C43232293566F00B3B087 /* CGPoint+Extensions.swift */ = {isa = PBXFileReference; fileEncoding = 4; lastKnownFileType = sourcecode.swift; path = "CGPoint+Extensions.swift"; sourceTree = "<group>"; };
		074C43242293566F00B3B087 /* SKAction+Extensions.swift */ = {isa = PBXFileReference; fileEncoding = 4; lastKnownFileType = sourcecode.swift; path = "SKAction+Extensions.swift"; sourceTree = "<group>"; };
		074C43252293567000B3B087 /* SKTAudio.swift */ = {isa = PBXFileReference; fileEncoding = 4; lastKnownFileType = sourcecode.swift; path = SKTAudio.swift; sourceTree = "<group>"; };
		074C43262293567000B3B087 /* SKNode+Extensions.swift */ = {isa = PBXFileReference; fileEncoding = 4; lastKnownFileType = sourcecode.swift; path = "SKNode+Extensions.swift"; sourceTree = "<group>"; };
		074C43272293567000B3B087 /* SKTEffects.swift */ = {isa = PBXFileReference; fileEncoding = 4; lastKnownFileType = sourcecode.swift; path = SKTEffects.swift; sourceTree = "<group>"; };
		074C43282293567000B3B087 /* Vector3.swift */ = {isa = PBXFileReference; fileEncoding = 4; lastKnownFileType = sourcecode.swift; path = Vector3.swift; sourceTree = "<group>"; };
		074C43292293567000B3B087 /* SKColor+Extensions.swift */ = {isa = PBXFileReference; fileEncoding = 4; lastKnownFileType = sourcecode.swift; path = "SKColor+Extensions.swift"; sourceTree = "<group>"; };
		074C432A2293567000B3B087 /* SKAction+SpecialEffects.swift */ = {isa = PBXFileReference; fileEncoding = 4; lastKnownFileType = sourcecode.swift; path = "SKAction+SpecialEffects.swift"; sourceTree = "<group>"; };
		074C432B2293567000B3B087 /* CGVector+Extensions.swift */ = {isa = PBXFileReference; fileEncoding = 4; lastKnownFileType = sourcecode.swift; path = "CGVector+Extensions.swift"; sourceTree = "<group>"; };
		074C432C2293567000B3B087 /* Int+Extensions.swift */ = {isa = PBXFileReference; fileEncoding = 4; lastKnownFileType = sourcecode.swift; path = "Int+Extensions.swift"; sourceTree = "<group>"; };
		074C432D2293567000B3B087 /* SKTTimingFunctions.swift */ = {isa = PBXFileReference; fileEncoding = 4; lastKnownFileType = sourcecode.swift; path = SKTTimingFunctions.swift; sourceTree = "<group>"; };
		074C432E2293567100B3B087 /* CGFloat+Extensions.swift */ = {isa = PBXFileReference; fileEncoding = 4; lastKnownFileType = sourcecode.swift; path = "CGFloat+Extensions.swift"; sourceTree = "<group>"; };
		074C433B2293568100B3B087 /* pop.wav */ = {isa = PBXFileReference; lastKnownFileType = audio.wav; path = pop.wav; sourceTree = "<group>"; };
		074C433D2293568100B3B087 /* ding.wav */ = {isa = PBXFileReference; lastKnownFileType = audio.wav; path = ding.wav; sourceTree = "<group>"; };
		074C43402293568100B3B087 /* whack.wav */ = {isa = PBXFileReference; lastKnownFileType = audio.wav; path = whack.wav; sourceTree = "<group>"; };
/* End PBXFileReference section */

/* Begin PBXFrameworksBuildPhase section */
		074C42C32293285B00B3B087 /* Frameworks */ = {
			isa = PBXFrameworksBuildPhase;
			buildActionMask = 2147483647;
			files = (
			);
			runOnlyForDeploymentPostprocessing = 0;
		};
		074C42DD2293285E00B3B087 /* Frameworks */ = {
			isa = PBXFrameworksBuildPhase;
			buildActionMask = 2147483647;
			files = (
			);
			runOnlyForDeploymentPostprocessing = 0;
		};
		074C42E82293285E00B3B087 /* Frameworks */ = {
			isa = PBXFrameworksBuildPhase;
			buildActionMask = 2147483647;
			files = (
			);
			runOnlyForDeploymentPostprocessing = 0;
		};
/* End PBXFrameworksBuildPhase section */

/* Begin PBXGroup section */
		074C42BD2293285B00B3B087 = {
			isa = PBXGroup;
			children = (
				074C42C82293285B00B3B087 /* FlapElon */,
				074C42E32293285E00B3B087 /* FlapElonTests */,
				074C42EE2293285E00B3B087 /* FlapElonUITests */,
				074C42C72293285B00B3B087 /* Products */,
			);
			sourceTree = "<group>";
		};
		074C42C72293285B00B3B087 /* Products */ = {
			isa = PBXGroup;
			children = (
				074C42C62293285B00B3B087 /* FlapElon.app */,
				074C42E02293285E00B3B087 /* FlapElonTests.xctest */,
				074C42EB2293285E00B3B087 /* FlapElonUITests.xctest */,
			);
			name = Products;
			sourceTree = "<group>";
		};
		074C42C82293285B00B3B087 /* FlapElon */ = {
			isa = PBXGroup;
			children = (
				074C431D2293560A00B3B087 /* Assets */,
				074C4316229355B800B3B087 /* Entities */,
				074C4303229354C400B3B087 /* GamesStates */,
				074C430E2293556600B3B087 /* Components */,
				074C42C92293285B00B3B087 /* AppDelegate.swift */,
				074C42CB2293285B00B3B087 /* GameScene.sks */,
				074C42CD2293285B00B3B087 /* Actions.sks */,
				074C42CF2293285B00B3B087 /* GameScene.swift */,
				074C42D12293285B00B3B087 /* GameViewController.swift */,
				074C42D32293285B00B3B087 /* Main.storyboard */,
				074C42D62293285E00B3B087 /* Assets.xcassets */,
				074C42D82293285E00B3B087 /* LaunchScreen.storyboard */,
				074C42DB2293285E00B3B087 /* Info.plist */,
			);
			path = FlapElon;
			sourceTree = "<group>";
		};
		074C42E32293285E00B3B087 /* FlapElonTests */ = {
			isa = PBXGroup;
			children = (
				074C42E42293285E00B3B087 /* FlapElonTests.swift */,
				074C42E62293285E00B3B087 /* Info.plist */,
			);
			path = FlapElonTests;
			sourceTree = "<group>";
		};
		074C42EE2293285E00B3B087 /* FlapElonUITests */ = {
			isa = PBXGroup;
			children = (
				074C42EF2293285E00B3B087 /* FlapElonUITests.swift */,
				074C42F12293285E00B3B087 /* Info.plist */,
			);
			path = FlapElonUITests;
			sourceTree = "<group>";
		};
		074C4303229354C400B3B087 /* GamesStates */ = {
			isa = PBXGroup;
			children = (
				074C4304229354D800B3B087 /* PlayingState.swift */,
				074C43062293550600B3B087 /* FallingState.swift */,
				074C43082293550D00B3B087 /* GameOverState.swift */,
				074C430A2293551300B3B087 /* MainMenuState.swift */,
				074C430C2293551800B3B087 /* TutorialState.swift */,
			);
			path = GamesStates;
			sourceTree = "<group>";
		};
		074C430E2293556600B3B087 /* Components */ = {
			isa = PBXGroup;
			children = (
				074C430F2293558200B3B087 /* SpriteComponent.swift */,
				074C43112293558800B3B087 /* MovementComponent.swift */,
				074C43132293558D00B3B087 /* AnimationComponent.swift */,
			);
			path = Components;
			sourceTree = "<group>";
		};
		074C4316229355B800B3B087 /* Entities */ = {
			isa = PBXGroup;
			children = (
				074C4317229355D100B3B087 /* PlayerEntity.swift */,
				074C4319229355D700B3B087 /* ObstacleEntity.swift */,
			);
			path = Entities;
			sourceTree = "<group>";
		};
		074C431D2293560A00B3B087 /* Assets */ = {
			isa = PBXGroup;
			children = (
				074C43202293564E00B3B087 /* Sounds */,
				074C431F2293564300B3B087 /* SKTUtils */,
				074C431E2293563A00B3B087 /* Artwork */,
			);
			path = Assets;
			sourceTree = "<group>";
		};
		074C431E2293563A00B3B087 /* Artwork */ = {
			isa = PBXGroup;
			children = (
				074C43212293565A00B3B087 /* sprites.atlas */,
			);
			path = Artwork;
			sourceTree = "<group>";
		};
		074C431F2293564300B3B087 /* SKTUtils */ = {
			isa = PBXGroup;
			children = (
				074C432E2293567100B3B087 /* CGFloat+Extensions.swift */,
				074C43232293566F00B3B087 /* CGPoint+Extensions.swift */,
				074C432B2293567000B3B087 /* CGVector+Extensions.swift */,
				074C432C2293567000B3B087 /* Int+Extensions.swift */,
				074C43242293566F00B3B087 /* SKAction+Extensions.swift */,
				074C432A2293567000B3B087 /* SKAction+SpecialEffects.swift */,
				074C43292293567000B3B087 /* SKColor+Extensions.swift */,
				074C43262293567000B3B087 /* SKNode+Extensions.swift */,
				074C43252293567000B3B087 /* SKTAudio.swift */,
				074C43272293567000B3B087 /* SKTEffects.swift */,
				074C432D2293567000B3B087 /* SKTTimingFunctions.swift */,
				074C43282293567000B3B087 /* Vector3.swift */,
			);
			path = SKTUtils;
			sourceTree = "<group>";
		};
		074C43202293564E00B3B087 /* Sounds */ = {
			isa = PBXGroup;
			children = (
				072B5A1B2294244900AA51EC /* backgroundMusic.wav */,
				072B5A1D229429F600AA51EC /* playingMusic.wav */,
				072B5A1922941CDE00AA51EC /* beep.wav */,
				074C433D2293568100B3B087 /* ding.wav */,
				072B5A232294682200AA51EC /* gameOver.wav */,
				072B5A1F22942C8F00AA51EC /* failure.wav */,
				072B5A21229466E700AA51EC /* impact.mp3 */,
				072B5A252294697B00AA51EC /* flap.wav */,
				074C433B2293568100B3B087 /* pop.wav */,
				074C43402293568100B3B087 /* whack.wav */,
			);
			path = Sounds;
			sourceTree = "<group>";
		};
/* End PBXGroup section */

/* Begin PBXNativeTarget section */
		074C42C52293285B00B3B087 /* FlapElon */ = {
			isa = PBXNativeTarget;
			buildConfigurationList = 074C42F42293285E00B3B087 /* Build configuration list for PBXNativeTarget "FlapElon" */;
			buildPhases = (
				074C42C22293285B00B3B087 /* Sources */,
				074C42C32293285B00B3B087 /* Frameworks */,
				074C42C42293285B00B3B087 /* Resources */,
			);
			buildRules = (
			);
			dependencies = (
			);
			name = FlapElon;
			productName = FlapElon;
			productReference = 074C42C62293285B00B3B087 /* FlapElon.app */;
			productType = "com.apple.product-type.application";
		};
		074C42DF2293285E00B3B087 /* FlapElonTests */ = {
			isa = PBXNativeTarget;
			buildConfigurationList = 074C42F72293285E00B3B087 /* Build configuration list for PBXNativeTarget "FlapElonTests" */;
			buildPhases = (
				074C42DC2293285E00B3B087 /* Sources */,
				074C42DD2293285E00B3B087 /* Frameworks */,
				074C42DE2293285E00B3B087 /* Resources */,
			);
			buildRules = (
			);
			dependencies = (
				074C42E22293285E00B3B087 /* PBXTargetDependency */,
			);
			name = FlapElonTests;
			productName = FlapElonTests;
			productReference = 074C42E02293285E00B3B087 /* FlapElonTests.xctest */;
			productType = "com.apple.product-type.bundle.unit-test";
		};
		074C42EA2293285E00B3B087 /* FlapElonUITests */ = {
			isa = PBXNativeTarget;
			buildConfigurationList = 074C42FA2293285E00B3B087 /* Build configuration list for PBXNativeTarget "FlapElonUITests" */;
			buildPhases = (
				074C42E72293285E00B3B087 /* Sources */,
				074C42E82293285E00B3B087 /* Frameworks */,
				074C42E92293285E00B3B087 /* Resources */,
			);
			buildRules = (
			);
			dependencies = (
				074C42ED2293285E00B3B087 /* PBXTargetDependency */,
			);
			name = FlapElonUITests;
			productName = FlapElonUITests;
			productReference = 074C42EB2293285E00B3B087 /* FlapElonUITests.xctest */;
			productType = "com.apple.product-type.bundle.ui-testing";
		};
/* End PBXNativeTarget section */

/* Begin PBXProject section */
		074C42BE2293285B00B3B087 /* Project object */ = {
			isa = PBXProject;
			attributes = {
				LastSwiftUpdateCheck = 1020;
				LastUpgradeCheck = 1020;
				ORGANIZATIONNAME = "Lucas Kisabeth";
				TargetAttributes = {
					074C42C52293285B00B3B087 = {
						CreatedOnToolsVersion = 10.2.1;
					};
					074C42DF2293285E00B3B087 = {
						CreatedOnToolsVersion = 10.2.1;
						TestTargetID = 074C42C52293285B00B3B087;
					};
					074C42EA2293285E00B3B087 = {
						CreatedOnToolsVersion = 10.2.1;
						TestTargetID = 074C42C52293285B00B3B087;
					};
				};
			};
			buildConfigurationList = 074C42C12293285B00B3B087 /* Build configuration list for PBXProject "FlapElon" */;
			compatibilityVersion = "Xcode 9.3";
			developmentRegion = en;
			hasScannedForEncodings = 0;
			knownRegions = (
				en,
				Base,
			);
			mainGroup = 074C42BD2293285B00B3B087;
			productRefGroup = 074C42C72293285B00B3B087 /* Products */;
			projectDirPath = "";
			projectRoot = "";
			targets = (
				074C42C52293285B00B3B087 /* FlapElon */,
				074C42DF2293285E00B3B087 /* FlapElonTests */,
				074C42EA2293285E00B3B087 /* FlapElonUITests */,
			);
		};
/* End PBXProject section */

/* Begin PBXResourcesBuildPhase section */
		074C42C42293285B00B3B087 /* Resources */ = {
			isa = PBXResourcesBuildPhase;
			buildActionMask = 2147483647;
			files = (
				074C42D52293285B00B3B087 /* Main.storyboard in Resources */,
				072B5A1E229429F600AA51EC /* playingMusic.wav in Resources */,
				072B5A22229466E700AA51EC /* impact.mp3 in Resources */,
				074C42CC2293285B00B3B087 /* GameScene.sks in Resources */,
				074C42D72293285E00B3B087 /* Assets.xcassets in Resources */,
				072B5A1A22941CDF00AA51EC /* beep.wav in Resources */,
				074C43422293568100B3B087 /* pop.wav in Resources */,
				074C42DA2293285E00B3B087 /* LaunchScreen.storyboard in Resources */,
				074C43442293568100B3B087 /* ding.wav in Resources */,
				072B5A2022942C8F00AA51EC /* failure.wav in Resources */,
				072B5A1C2294244900AA51EC /* backgroundMusic.wav in Resources */,
				072B5A262294697B00AA51EC /* flap.wav in Resources */,
				074C43222293565A00B3B087 /* sprites.atlas in Resources */,
				074C42CE2293285B00B3B087 /* Actions.sks in Resources */,
				072B5A242294682200AA51EC /* gameOver.wav in Resources */,
				074C43472293568100B3B087 /* whack.wav in Resources */,
			);
			runOnlyForDeploymentPostprocessing = 0;
		};
		074C42DE2293285E00B3B087 /* Resources */ = {
			isa = PBXResourcesBuildPhase;
			buildActionMask = 2147483647;
			files = (
			);
			runOnlyForDeploymentPostprocessing = 0;
		};
		074C42E92293285E00B3B087 /* Resources */ = {
			isa = PBXResourcesBuildPhase;
			buildActionMask = 2147483647;
			files = (
			);
			runOnlyForDeploymentPostprocessing = 0;
		};
/* End PBXResourcesBuildPhase section */

/* Begin PBXSourcesBuildPhase section */
		074C42C22293285B00B3B087 /* Sources */ = {
			isa = PBXSourcesBuildPhase;
			buildActionMask = 2147483647;
			files = (
				074C432F2293567100B3B087 /* CGPoint+Extensions.swift in Sources */,
				074C43122293558800B3B087 /* MovementComponent.swift in Sources */,
				074C43362293567100B3B087 /* SKAction+SpecialEffects.swift in Sources */,
				074C43142293558D00B3B087 /* AnimationComponent.swift in Sources */,
				074C43372293567100B3B087 /* CGVector+Extensions.swift in Sources */,
				074C42D02293285B00B3B087 /* GameScene.swift in Sources */,
				074C433A2293567100B3B087 /* CGFloat+Extensions.swift in Sources */,
				074C4318229355D100B3B087 /* PlayerEntity.swift in Sources */,
				074C43092293550D00B3B087 /* GameOverState.swift in Sources */,
				074C43302293567100B3B087 /* SKAction+Extensions.swift in Sources */,
				074C43332293567100B3B087 /* SKTEffects.swift in Sources */,
				074C43322293567100B3B087 /* SKNode+Extensions.swift in Sources */,
				074C42D22293285B00B3B087 /* GameViewController.swift in Sources */,
				074C430D2293551800B3B087 /* TutorialState.swift in Sources */,
				074C4305229354D800B3B087 /* PlayingState.swift in Sources */,
				074C431A229355D700B3B087 /* ObstacleEntity.swift in Sources */,
				074C43382293567100B3B087 /* Int+Extensions.swift in Sources */,
				074C42CA2293285B00B3B087 /* AppDelegate.swift in Sources */,
				074C430B2293551300B3B087 /* MainMenuState.swift in Sources */,
				074C43352293567100B3B087 /* SKColor+Extensions.swift in Sources */,
				074C43312293567100B3B087 /* SKTAudio.swift in Sources */,
				074C43102293558200B3B087 /* SpriteComponent.swift in Sources */,
				074C43342293567100B3B087 /* Vector3.swift in Sources */,
				074C43392293567100B3B087 /* SKTTimingFunctions.swift in Sources */,
				074C43072293550600B3B087 /* FallingState.swift in Sources */,
			);
			runOnlyForDeploymentPostprocessing = 0;
		};
		074C42DC2293285E00B3B087 /* Sources */ = {
			isa = PBXSourcesBuildPhase;
			buildActionMask = 2147483647;
			files = (
				074C42E52293285E00B3B087 /* FlapElonTests.swift in Sources */,
			);
			runOnlyForDeploymentPostprocessing = 0;
		};
		074C42E72293285E00B3B087 /* Sources */ = {
			isa = PBXSourcesBuildPhase;
			buildActionMask = 2147483647;
			files = (
				074C42F02293285E00B3B087 /* FlapElonUITests.swift in Sources */,
			);
			runOnlyForDeploymentPostprocessing = 0;
		};
/* End PBXSourcesBuildPhase section */

/* Begin PBXTargetDependency section */
		074C42E22293285E00B3B087 /* PBXTargetDependency */ = {
			isa = PBXTargetDependency;
			target = 074C42C52293285B00B3B087 /* FlapElon */;
			targetProxy = 074C42E12293285E00B3B087 /* PBXContainerItemProxy */;
		};
		074C42ED2293285E00B3B087 /* PBXTargetDependency */ = {
			isa = PBXTargetDependency;
			target = 074C42C52293285B00B3B087 /* FlapElon */;
			targetProxy = 074C42EC2293285E00B3B087 /* PBXContainerItemProxy */;
		};
/* End PBXTargetDependency section */

/* Begin PBXVariantGroup section */
		074C42D32293285B00B3B087 /* Main.storyboard */ = {
			isa = PBXVariantGroup;
			children = (
				074C42D42293285B00B3B087 /* Base */,
			);
			name = Main.storyboard;
			sourceTree = "<group>";
		};
		074C42D82293285E00B3B087 /* LaunchScreen.storyboard */ = {
			isa = PBXVariantGroup;
			children = (
				074C42D92293285E00B3B087 /* Base */,
			);
			name = LaunchScreen.storyboard;
			sourceTree = "<group>";
		};
/* End PBXVariantGroup section */

/* Begin XCBuildConfiguration section */
		074C42F22293285E00B3B087 /* Debug */ = {
			isa = XCBuildConfiguration;
			buildSettings = {
				ALWAYS_SEARCH_USER_PATHS = NO;
				CLANG_ANALYZER_NONNULL = YES;
				CLANG_ANALYZER_NUMBER_OBJECT_CONVERSION = YES_AGGRESSIVE;
				CLANG_CXX_LANGUAGE_STANDARD = "gnu++14";
				CLANG_CXX_LIBRARY = "libc++";
				CLANG_ENABLE_MODULES = YES;
				CLANG_ENABLE_OBJC_ARC = YES;
				CLANG_ENABLE_OBJC_WEAK = YES;
				CLANG_WARN_BLOCK_CAPTURE_AUTORELEASING = YES;
				CLANG_WARN_BOOL_CONVERSION = YES;
				CLANG_WARN_COMMA = YES;
				CLANG_WARN_CONSTANT_CONVERSION = YES;
				CLANG_WARN_DEPRECATED_OBJC_IMPLEMENTATIONS = YES;
				CLANG_WARN_DIRECT_OBJC_ISA_USAGE = YES_ERROR;
				CLANG_WARN_DOCUMENTATION_COMMENTS = YES;
				CLANG_WARN_EMPTY_BODY = YES;
				CLANG_WARN_ENUM_CONVERSION = YES;
				CLANG_WARN_INFINITE_RECURSION = YES;
				CLANG_WARN_INT_CONVERSION = YES;
				CLANG_WARN_NON_LITERAL_NULL_CONVERSION = YES;
				CLANG_WARN_OBJC_IMPLICIT_RETAIN_SELF = YES;
				CLANG_WARN_OBJC_LITERAL_CONVERSION = YES;
				CLANG_WARN_OBJC_ROOT_CLASS = YES_ERROR;
				CLANG_WARN_RANGE_LOOP_ANALYSIS = YES;
				CLANG_WARN_STRICT_PROTOTYPES = YES;
				CLANG_WARN_SUSPICIOUS_MOVE = YES;
				CLANG_WARN_UNGUARDED_AVAILABILITY = YES_AGGRESSIVE;
				CLANG_WARN_UNREACHABLE_CODE = YES;
				CLANG_WARN__DUPLICATE_METHOD_MATCH = YES;
				CODE_SIGN_IDENTITY = "iPhone Developer";
				COPY_PHASE_STRIP = NO;
				DEBUG_INFORMATION_FORMAT = dwarf;
				ENABLE_STRICT_OBJC_MSGSEND = YES;
				ENABLE_TESTABILITY = YES;
				GCC_C_LANGUAGE_STANDARD = gnu11;
				GCC_DYNAMIC_NO_PIC = NO;
				GCC_NO_COMMON_BLOCKS = YES;
				GCC_OPTIMIZATION_LEVEL = 0;
				GCC_PREPROCESSOR_DEFINITIONS = (
					"DEBUG=1",
					"$(inherited)",
				);
				GCC_WARN_64_TO_32_BIT_CONVERSION = YES;
				GCC_WARN_ABOUT_RETURN_TYPE = YES_ERROR;
				GCC_WARN_UNDECLARED_SELECTOR = YES;
				GCC_WARN_UNINITIALIZED_AUTOS = YES_AGGRESSIVE;
				GCC_WARN_UNUSED_FUNCTION = YES;
				GCC_WARN_UNUSED_VARIABLE = YES;
				IPHONEOS_DEPLOYMENT_TARGET = 12.2;
				MTL_ENABLE_DEBUG_INFO = INCLUDE_SOURCE;
				MTL_FAST_MATH = YES;
				ONLY_ACTIVE_ARCH = YES;
				SDKROOT = iphoneos;
				SWIFT_ACTIVE_COMPILATION_CONDITIONS = DEBUG;
				SWIFT_OPTIMIZATION_LEVEL = "-Onone";
			};
			name = Debug;
		};
		074C42F32293285E00B3B087 /* Release */ = {
			isa = XCBuildConfiguration;
			buildSettings = {
				ALWAYS_SEARCH_USER_PATHS = NO;
				CLANG_ANALYZER_NONNULL = YES;
				CLANG_ANALYZER_NUMBER_OBJECT_CONVERSION = YES_AGGRESSIVE;
				CLANG_CXX_LANGUAGE_STANDARD = "gnu++14";
				CLANG_CXX_LIBRARY = "libc++";
				CLANG_ENABLE_MODULES = YES;
				CLANG_ENABLE_OBJC_ARC = YES;
				CLANG_ENABLE_OBJC_WEAK = YES;
				CLANG_WARN_BLOCK_CAPTURE_AUTORELEASING = YES;
				CLANG_WARN_BOOL_CONVERSION = YES;
				CLANG_WARN_COMMA = YES;
				CLANG_WARN_CONSTANT_CONVERSION = YES;
				CLANG_WARN_DEPRECATED_OBJC_IMPLEMENTATIONS = YES;
				CLANG_WARN_DIRECT_OBJC_ISA_USAGE = YES_ERROR;
				CLANG_WARN_DOCUMENTATION_COMMENTS = YES;
				CLANG_WARN_EMPTY_BODY = YES;
				CLANG_WARN_ENUM_CONVERSION = YES;
				CLANG_WARN_INFINITE_RECURSION = YES;
				CLANG_WARN_INT_CONVERSION = YES;
				CLANG_WARN_NON_LITERAL_NULL_CONVERSION = YES;
				CLANG_WARN_OBJC_IMPLICIT_RETAIN_SELF = YES;
				CLANG_WARN_OBJC_LITERAL_CONVERSION = YES;
				CLANG_WARN_OBJC_ROOT_CLASS = YES_ERROR;
				CLANG_WARN_RANGE_LOOP_ANALYSIS = YES;
				CLANG_WARN_STRICT_PROTOTYPES = YES;
				CLANG_WARN_SUSPICIOUS_MOVE = YES;
				CLANG_WARN_UNGUARDED_AVAILABILITY = YES_AGGRESSIVE;
				CLANG_WARN_UNREACHABLE_CODE = YES;
				CLANG_WARN__DUPLICATE_METHOD_MATCH = YES;
				CODE_SIGN_IDENTITY = "iPhone Developer";
				COPY_PHASE_STRIP = NO;
				DEBUG_INFORMATION_FORMAT = "dwarf-with-dsym";
				ENABLE_NS_ASSERTIONS = NO;
				ENABLE_STRICT_OBJC_MSGSEND = YES;
				GCC_C_LANGUAGE_STANDARD = gnu11;
				GCC_NO_COMMON_BLOCKS = YES;
				GCC_WARN_64_TO_32_BIT_CONVERSION = YES;
				GCC_WARN_ABOUT_RETURN_TYPE = YES_ERROR;
				GCC_WARN_UNDECLARED_SELECTOR = YES;
				GCC_WARN_UNINITIALIZED_AUTOS = YES_AGGRESSIVE;
				GCC_WARN_UNUSED_FUNCTION = YES;
				GCC_WARN_UNUSED_VARIABLE = YES;
				IPHONEOS_DEPLOYMENT_TARGET = 12.2;
				MTL_ENABLE_DEBUG_INFO = NO;
				MTL_FAST_MATH = YES;
				SDKROOT = iphoneos;
				SWIFT_COMPILATION_MODE = wholemodule;
				SWIFT_OPTIMIZATION_LEVEL = "-O";
				VALIDATE_PRODUCT = YES;
			};
			name = Release;
		};
		074C42F52293285E00B3B087 /* Debug */ = {
			isa = XCBuildConfiguration;
			buildSettings = {
				ASSETCATALOG_COMPILER_APPICON_NAME = AppIcon;
				CODE_SIGN_STYLE = Automatic;
				DEVELOPMENT_TEAM = PS2ATMB79M;
				INFOPLIST_FILE = FlapElon/Info.plist;
				LD_RUNPATH_SEARCH_PATHS = (
					"$(inherited)",
					"@executable_path/Frameworks",
				);
				PRODUCT_BUNDLE_IDENTIFIER = com.lucaskisabeth.FlapElon;
				PRODUCT_NAME = "$(TARGET_NAME)";
				SWIFT_VERSION = 5.0;
				TARGETED_DEVICE_FAMILY = "1,2";
			};
			name = Debug;
		};
		074C42F62293285E00B3B087 /* Release */ = {
			isa = XCBuildConfiguration;
			buildSettings = {
				ASSETCATALOG_COMPILER_APPICON_NAME = AppIcon;
				CODE_SIGN_STYLE = Automatic;
				DEVELOPMENT_TEAM = PS2ATMB79M;
				INFOPLIST_FILE = FlapElon/Info.plist;
				LD_RUNPATH_SEARCH_PATHS = (
					"$(inherited)",
					"@executable_path/Frameworks",
				);
				PRODUCT_BUNDLE_IDENTIFIER = com.lucaskisabeth.FlapElon;
				PRODUCT_NAME = "$(TARGET_NAME)";
				SWIFT_VERSION = 5.0;
				TARGETED_DEVICE_FAMILY = "1,2";
			};
			name = Release;
		};
		074C42F82293285E00B3B087 /* Debug */ = {
			isa = XCBuildConfiguration;
			buildSettings = {
				ALWAYS_EMBED_SWIFT_STANDARD_LIBRARIES = YES;
				BUNDLE_LOADER = "$(TEST_HOST)";
				CODE_SIGN_STYLE = Automatic;
				DEVELOPMENT_TEAM = PS2ATMB79M;
				INFOPLIST_FILE = FlapElonTests/Info.plist;
				LD_RUNPATH_SEARCH_PATHS = (
					"$(inherited)",
					"@executable_path/Frameworks",
					"@loader_path/Frameworks",
				);
				PRODUCT_BUNDLE_IDENTIFIER = com.lucaskisabeth.FlapElonTests;
				PRODUCT_NAME = "$(TARGET_NAME)";
				SWIFT_VERSION = 5.0;
				TARGETED_DEVICE_FAMILY = "1,2";
				TEST_HOST = "$(BUILT_PRODUCTS_DIR)/FlapElon.app/FlapElon";
			};
			name = Debug;
		};
		074C42F92293285E00B3B087 /* Release */ = {
			isa = XCBuildConfiguration;
			buildSettings = {
				ALWAYS_EMBED_SWIFT_STANDARD_LIBRARIES = YES;
				BUNDLE_LOADER = "$(TEST_HOST)";
				CODE_SIGN_STYLE = Automatic;
				DEVELOPMENT_TEAM = PS2ATMB79M;
				INFOPLIST_FILE = FlapElonTests/Info.plist;
				LD_RUNPATH_SEARCH_PATHS = (
					"$(inherited)",
					"@executable_path/Frameworks",
					"@loader_path/Frameworks",
				);
				PRODUCT_BUNDLE_IDENTIFIER = com.lucaskisabeth.FlapElonTests;
				PRODUCT_NAME = "$(TARGET_NAME)";
				SWIFT_VERSION = 5.0;
				TARGETED_DEVICE_FAMILY = "1,2";
				TEST_HOST = "$(BUILT_PRODUCTS_DIR)/FlapElon.app/FlapElon";
			};
			name = Release;
		};
		074C42FB2293285E00B3B087 /* Debug */ = {
			isa = XCBuildConfiguration;
			buildSettings = {
				ALWAYS_EMBED_SWIFT_STANDARD_LIBRARIES = YES;
				CODE_SIGN_STYLE = Automatic;
				DEVELOPMENT_TEAM = PS2ATMB79M;
				INFOPLIST_FILE = FlapElonUITests/Info.plist;
				LD_RUNPATH_SEARCH_PATHS = (
					"$(inherited)",
					"@executable_path/Frameworks",
					"@loader_path/Frameworks",
				);
				PRODUCT_BUNDLE_IDENTIFIER = com.lucaskisabeth.FlapElonUITests;
				PRODUCT_NAME = "$(TARGET_NAME)";
				SWIFT_VERSION = 5.0;
				TARGETED_DEVICE_FAMILY = "1,2";
				TEST_TARGET_NAME = FlapElon;
			};
			name = Debug;
		};
		074C42FC2293285E00B3B087 /* Release */ = {
			isa = XCBuildConfiguration;
			buildSettings = {
				ALWAYS_EMBED_SWIFT_STANDARD_LIBRARIES = YES;
				CODE_SIGN_STYLE = Automatic;
				DEVELOPMENT_TEAM = PS2ATMB79M;
				INFOPLIST_FILE = FlapElonUITests/Info.plist;
				LD_RUNPATH_SEARCH_PATHS = (
					"$(inherited)",
					"@executable_path/Frameworks",
					"@loader_path/Frameworks",
				);
				PRODUCT_BUNDLE_IDENTIFIER = com.lucaskisabeth.FlapElonUITests;
				PRODUCT_NAME = "$(TARGET_NAME)";
				SWIFT_VERSION = 5.0;
				TARGETED_DEVICE_FAMILY = "1,2";
				TEST_TARGET_NAME = FlapElon;
			};
			name = Release;
		};
/* End XCBuildConfiguration section */

/* Begin XCConfigurationList section */
		074C42C12293285B00B3B087 /* Build configuration list for PBXProject "FlapElon" */ = {
			isa = XCConfigurationList;
			buildConfigurations = (
				074C42F22293285E00B3B087 /* Debug */,
				074C42F32293285E00B3B087 /* Release */,
			);
			defaultConfigurationIsVisible = 0;
			defaultConfigurationName = Release;
		};
		074C42F42293285E00B3B087 /* Build configuration list for PBXNativeTarget "FlapElon" */ = {
			isa = XCConfigurationList;
			buildConfigurations = (
				074C42F52293285E00B3B087 /* Debug */,
				074C42F62293285E00B3B087 /* Release */,
			);
			defaultConfigurationIsVisible = 0;
			defaultConfigurationName = Release;
		};
		074C42F72293285E00B3B087 /* Build configuration list for PBXNativeTarget "FlapElonTests" */ = {
			isa = XCConfigurationList;
			buildConfigurations = (
				074C42F82293285E00B3B087 /* Debug */,
				074C42F92293285E00B3B087 /* Release */,
			);
			defaultConfigurationIsVisible = 0;
			defaultConfigurationName = Release;
		};
		074C42FA2293285E00B3B087 /* Build configuration list for PBXNativeTarget "FlapElonUITests" */ = {
			isa = XCConfigurationList;
			buildConfigurations = (
				074C42FB2293285E00B3B087 /* Debug */,
				074C42FC2293285E00B3B087 /* Release */,
			);
			defaultConfigurationIsVisible = 0;
			defaultConfigurationName = Release;
		};
/* End XCConfigurationList section */
	};
	rootObject = 074C42BE2293285B00B3B087 /* Project object */;
}
